
Microsoft Visual Studio Solution File, Format Version 12.00
# Visual Studio Version 17
VisualStudioVersion = 17.3.32922.545
MinimumVisualStudioVersion = 10.0.40219.1
Project("{9A19103F-16F7-4668-BE54-9A1E7A4F7556}") = "Project.FluentValidation", "Project.FluentValidation\Project.FluentValidation.csproj", "{5E6C7611-1694-49DA-A49B-C4F04DF2B0EA}"
EndProject
Project("{9A19103F-16F7-4668-BE54-9A1E7A4F7556}") = "RateLimit.API", "RateLimit.API\RateLimit.API.csproj", "{DE67573B-60D2-4DEA-BFF8-CD636FB64AA7}"
EndProject
Project("{9A19103F-16F7-4668-BE54-9A1E7A4F7556}") = "SmidgeAppMVC", "SmidgeAppMVC\SmidgeAppMVC.csproj", "{9797AE77-6B02-40D7-B607-94ACE32E13FA}"
EndProject
Project("{FAE04EC0-301F-11D3-BF4B-00C04F79EFBC}") = "HangFire.Web", "HangFire.Web\HangFire.Web.csproj", "{C948BEA2-E4DA-4B83-9CBA-31F77CCFBCD8}"
EndProject
Global
	GlobalSection(SolutionConfigurationPlatforms) = preSolution
		Debug|Any CPU = Debug|Any CPU
		Release|Any CPU = Release|Any CPU
	EndGlobalSection
	GlobalSection(ProjectConfigurationPlatforms) = postSolution
		{5E6C7611-1694-49DA-A49B-C4F04DF2B0EA}.Debug|Any CPU.ActiveCfg = Debug|Any CPU
		{5E6C7611-1694-49DA-A49B-C4F04DF2B0EA}.Debug|Any CPU.Build.0 = Debug|Any CPU
		{5E6C7611-1694-49DA-A49B-C4F04DF2B0EA}.Release|Any CPU.ActiveCfg = Release|Any CPU
		{5E6C7611-1694-49DA-A49B-C4F04DF2B0EA}.Release|Any CPU.Build.0 = Release|Any CPU
		{DE67573B-60D2-4DEA-BFF8-CD636FB64AA7}.Debug|Any CPU.ActiveCfg = Debug|Any CPU
		{DE67573B-60D2-4DEA-BFF8-CD636FB64AA7}.Debug|Any CPU.Build.0 = Debug|Any CPU
		{DE67573B-60D2-4DEA-BFF8-CD636FB64AA7}.Release|Any CPU.ActiveCfg = Release|Any CPU
		{DE67573B-60D2-4DEA-BFF8-CD636FB64AA7}.Release|Any CPU.Build.0 = Release|Any CPU
		{9797AE77-6B02-40D7-B607-94ACE32E13FA}.Debug|Any CPU.ActiveCfg = Debug|Any CPU
		{9797AE77-6B02-40D7-B607-94ACE32E13FA}.Debug|Any CPU.Build.0 = Debug|Any CPU
		{9797AE77-6B02-40D7-B607-94ACE32E13FA}.Release|Any CPU.ActiveCfg = Release|Any CPU
		{9797AE77-6B02-40D7-B607-94ACE32E13FA}.Release|Any CPU.Build.0 = Release|Any CPU
		{C948BEA2-E4DA-4B83-9CBA-31F77CCFBCD8}.Debug|Any CPU.ActiveCfg = Debug|Any CPU
		{C948BEA2-E4DA-4B83-9CBA-31F77CCFBCD8}.Debug|Any CPU.Build.0 = Debug|Any CPU
		{C948BEA2-E4DA-4B83-9CBA-31F77CCFBCD8}.Release|Any CPU.ActiveCfg = Release|Any CPU
		{C948BEA2-E4DA-4B83-9CBA-31F77CCFBCD8}.Release|Any CPU.Build.0 = Release|Any CPU
	EndGlobalSection
	GlobalSection(SolutionProperties) = preSolution
		HideSolutionNode = FALSE
	EndGlobalSection
	GlobalSection(ExtensibilityGlobals) = postSolution
		SolutionGuid = {1CEFC7F2-5519-43CB-9345-226E8E916576}
	EndGlobalSection
EndGlobal
